
Microsoft Visual Studio Solution File, Format Version 12.00
# Visual Studio Version 16
VisualStudioVersion = 16.0.31911.196
MinimumVisualStudioVersion = 10.0.40219.1
Project("{FAE04EC0-301F-11D3-BF4B-00C04F79EFBC}") = "övning 2", "övning 2.csproj", "{163CDFC7-4581-4A6A-8CF4-746054F19948}"
EndProject
Global
	GlobalSection(SolutionConfigurationPlatforms) = preSolution
		Debug|Any CPU = Debug|Any CPU
		Release|Any CPU = Release|Any CPU
	EndGlobalSection
	GlobalSection(ProjectConfigurationPlatforms) = postSolution
		{163CDFC7-4581-4A6A-8CF4-746054F19948}.Debug|Any CPU.ActiveCfg = Debug|Any CPU
		{163CDFC7-4581-4A6A-8CF4-746054F19948}.Debug|Any CPU.Build.0 = Debug|Any CPU
		{163CDFC7-4581-4A6A-8CF4-746054F19948}.Release|Any CPU.ActiveCfg = Release|Any CPU
		{163CDFC7-4581-4A6A-8CF4-746054F19948}.Release|Any CPU.Build.0 = Release|Any CPU
	EndGlobalSection
	GlobalSection(SolutionProperties) = preSolution
		HideSolutionNode = FALSE
	EndGlobalSection
	GlobalSection(ExtensibilityGlobals) = postSolution
		SolutionGuid = {B442C0FC-98AE-40CB-8658-FB9EBF8EC70B}
	EndGlobalSection
EndGlobal
